{
  "name": "dimino",
  "version": "1.0.0",
  "lockfileVersion": 3,
  "requires": true,
  "packages": {
    "": {
      "name": "dimino",
      "version": "1.0.0",
      "license": "ISC",
      "dependencies": {
        "leader-line": "^1.0.7"
      }
    },
    "node_modules/leader-line": {
      "version": "1.0.7",
      "resolved": "https://registry.npmjs.org/leader-line/-/leader-line-1.0.7.tgz",
      "integrity": "sha512-PhJpQLV7XychSIuGPD0TEqR9PgRYBbrhReaOcmHFOVtTw4dWKfUMAtOb7UP7xTsoib6sFzq2giQeOUHy7LCuJQ=="
    }
  }
}
